
Microsoft Visual Studio Solution File, Format Version 12.00
# Visual Studio Version 17
VisualStudioVersion = 17.11.35312.102
MinimumVisualStudioVersion = 10.0.40219.1
Project("{FAE04EC0-301F-11D3-BF4B-00C04F79EFBC}") = "SistemaVenda", "SistemaVenda.csproj", "{CE1A24D7-5F9B-45CA-8571-38D1D082B2C3}"
EndProject
Global
	GlobalSection(SolutionConfigurationPlatforms) = preSolution
		Debug|Any CPU = Debug|Any CPU
		Release|Any CPU = Release|Any CPU
	EndGlobalSection
	GlobalSection(ProjectConfigurationPlatforms) = postSolution
		{CE1A24D7-5F9B-45CA-8571-38D1D082B2C3}.Debug|Any CPU.ActiveCfg = Debug|Any CPU
		{CE1A24D7-5F9B-45CA-8571-38D1D082B2C3}.Debug|Any CPU.Build.0 = Debug|Any CPU
		{CE1A24D7-5F9B-45CA-8571-38D1D082B2C3}.Release|Any CPU.ActiveCfg = Release|Any CPU
		{CE1A24D7-5F9B-45CA-8571-38D1D082B2C3}.Release|Any CPU.Build.0 = Release|Any CPU
	EndGlobalSection
	GlobalSection(SolutionProperties) = preSolution
		HideSolutionNode = FALSE
	EndGlobalSection
	GlobalSection(ExtensibilityGlobals) = postSolution
		SolutionGuid = {186075BB-42EA-476F-83FB-75EF21253DA6}
	EndGlobalSection
EndGlobal
